
Microsoft Visual Studio Solution File, Format Version 12.00
# Visual Studio 15
VisualStudioVersion = 15.0.28307.1705
MinimumVisualStudioVersion = 10.0.40219.1
Project("{FAE04EC0-301F-11D3-BF4B-00C04F79EFBC}") = "CBF_API_Core", "CBF_API_Core\CBF_API_Core.csproj", "{04F9AB76-D046-4896-A325-02BD815A1FD3}"
EndProject
Global
	GlobalSection(SolutionConfigurationPlatforms) = preSolution
		Debug|Any CPU = Debug|Any CPU
		Release|Any CPU = Release|Any CPU
	EndGlobalSection
	GlobalSection(ProjectConfigurationPlatforms) = postSolution
		{04F9AB76-D046-4896-A325-02BD815A1FD3}.Debug|Any CPU.ActiveCfg = Debug|Any CPU
		{04F9AB76-D046-4896-A325-02BD815A1FD3}.Debug|Any CPU.Build.0 = Debug|Any CPU
		{04F9AB76-D046-4896-A325-02BD815A1FD3}.Release|Any CPU.ActiveCfg = Release|Any CPU
		{04F9AB76-D046-4896-A325-02BD815A1FD3}.Release|Any CPU.Build.0 = Release|Any CPU
	EndGlobalSection
	GlobalSection(SolutionProperties) = preSolution
		HideSolutionNode = FALSE
	EndGlobalSection
	GlobalSection(ExtensibilityGlobals) = postSolution
		SolutionGuid = {93F631B4-4B54-4547-BC68-ECB7FC69B87C}
	EndGlobalSection
EndGlobal
